<Solution>
  <Folder Name="/src/">
    <Project Path="src/CampCenter.Api/CampCenter.Api.csproj" />
    <Project Path="src/CampCenter.Application/CampCenter.Application.csproj" />
    <Project Path="src/CampCenter.Domain/CampCenter.Domain.csproj" />
    <Project Path="src/CampCenter.Infrastructure/CampCenter.Infrastructure.csproj" />
  </Folder>
  <Folder Name="/tests/">
    <Project Path="tests/CampCenter.IntegrationTests/CampCenter.IntegrationTests.csproj" />
    <Project Path="tests/CampCenter.UnitTests/CampCenter.UnitTests.csproj" />
  </Folder>
</Solution>
